
Microsoft Visual Studio Solution File, Format Version 12.00
# Visual Studio Version 17
VisualStudioVersion = 17.7.34031.279
MinimumVisualStudioVersion = 10.0.40219.1
Project("{FAE04EC0-301F-11D3-BF4B-00C04F79EFBC}") = "TaskPractice", "TaskPractice\TaskPractice.csproj", "{DE7EB8B3-7F8D-40FD-8D96-7D434037217A}"
EndProject
Global
	GlobalSection(SolutionConfigurationPlatforms) = preSolution
		Debug|Any CPU = Debug|Any CPU
		Release|Any CPU = Release|Any CPU
	EndGlobalSection
	GlobalSection(ProjectConfigurationPlatforms) = postSolution
		{DE7EB8B3-7F8D-40FD-8D96-7D434037217A}.Debug|Any CPU.ActiveCfg = Debug|Any CPU
		{DE7EB8B3-7F8D-40FD-8D96-7D434037217A}.Debug|Any CPU.Build.0 = Debug|Any CPU
		{DE7EB8B3-7F8D-40FD-8D96-7D434037217A}.Release|Any CPU.ActiveCfg = Release|Any CPU
		{DE7EB8B3-7F8D-40FD-8D96-7D434037217A}.Release|Any CPU.Build.0 = Release|Any CPU
	EndGlobalSection
	GlobalSection(SolutionProperties) = preSolution
		HideSolutionNode = FALSE
	EndGlobalSection
	GlobalSection(ExtensibilityGlobals) = postSolution
		SolutionGuid = {E4F843E3-E1B6-4C03-B328-FEC507E25800}
	EndGlobalSection
EndGlobal
